<?xml version="1.0" encoding="utf-8"?>
<Project ToolsVersion="4.0" xmlns="http://schemas.microsoft.com/developer/msbuild/2003">
  <ItemGroup>
    <Filter Include="Archivos de origen">
      <UniqueIdentifier>{4FC737F1-C7A5-4376-A066-2A32D752A2FF}</UniqueIdentifier>
      <Extensions>cpp;c;cc;cxx;c++;cppm;ixx;def;odl;idl;hpj;bat;asm;asmx</Extensions>
    </Filter>
    <Filter Include="Archivos de encabezado">
      <UniqueIdentifier>{93995380-89BD-4b04-88EB-625FBE52EBFB}</UniqueIdentifier>
      <Extensions>h;hh;hpp;hxx;h++;hm;inl;inc;ipp;xsd</Extensions>
    </Filter>
    <Filter Include="Archivos de encabezado\Modules">
      <UniqueIdentifier>{0b5e28a0-60de-4db8-bb0d-01a95e92153f}</UniqueIdentifier>
    </Filter>
    <Filter Include="Archivos de origen\Modules">
      <UniqueIdentifier>{def8a67e-b6d5-49b6-843f-6d87a355b8a8}</UniqueIdentifier>
    </Filter>
    <Filter Include="Archivos de encabezado\Tools">
      <UniqueIdentifier>{f9e7e777-3c67-458a-ab9d-43e70f4287c2}</UniqueIdentifier>
    </Filter>
    <Filter Include="Archivos de origen\Tools">
      <UniqueIdentifier>{101b31c0-3d8a-46e7-a5dd-4869b423f834}</UniqueIdentifier>
    </Filter>
    <Filter Include="Archivos de encabezado\Application">
      <UniqueIdentifier>{01a84001-61fa-4f56-866d-aaeb9085ce79}</UniqueIdentifier>
    </Filter>
    <Filter Include="Archivos de origen\Application">
      <UniqueIdentifier>{3657563d-fb88-4f94-84b7-bb361f9c1da6}</UniqueIdentifier>
    </Filter>
    <Filter Include="Archivos de origen\Scenes">
      <UniqueIdentifier>{71a34e8c-7481-4aa6-8a47-25c98c6f6548}</UniqueIdentifier>
    </Filter>
    <Filter Include="Archivos de encabezado\Scenes">
      <UniqueIdentifier>{67475df4-bb52-43f7-9b52-5895c552c0ca}</UniqueIdentifier>
    </Filter>
    <Filter Include="Archivos de origen\GameObjects">
      <UniqueIdentifier>{7853a974-e8c2-49fa-8456-3a027956f8ee}</UniqueIdentifier>
    </Filter>
    <Filter Include="Archivos de encabezado\GameObjects">
      <UniqueIdentifier>{7d308c7b-9a6d-4b42-8262-159a3dd65bd8}</UniqueIdentifier>
    </Filter>
    <Filter Include="Archivos de encabezado\Other">
      <UniqueIdentifier>{a9f089b3-2837-4fec-9b67-4654e79f6c3a}</UniqueIdentifier>
    </Filter>
    <Filter Include="Archivos de origen\Other">
      <UniqueIdentifier>{7d2c19b2-cf38-471c-9f20-a7727e20ad40}</UniqueIdentifier>
    </Filter>
    <Filter Include="Archivos de origen\GameObjects\Particles">
      <UniqueIdentifier>{ff29b53f-71a7-486a-a784-9ee8fa8123b5}</UniqueIdentifier>
    </Filter>
    <Filter Include="Archivos de encabezado\GameObjects\Particles">
      <UniqueIdentifier>{990c2238-6eff-49bf-9fd7-6c505d948713}</UniqueIdentifier>
    </Filter>
    <Filter Include="Archivos de encabezado\GameObjects\Text">
      <UniqueIdentifier>{1c21d752-42d1-40bf-ab47-010d3a5fdd90}</UniqueIdentifier>
    </Filter>
    <Filter Include="Archivos de encabezado\Scenes\SceneGame">
      <UniqueIdentifier>{c3bc3480-c7ad-4b5f-a85c-1e94db052a53}</UniqueIdentifier>
    </Filter>
    <Filter Include="Archivos de encabezado\Scenes\SceneMenu">
      <UniqueIdentifier>{ac2d41e1-f183-4180-9555-8190f7e291db}</UniqueIdentifier>
    </Filter>
    <Filter Include="Archivos de origen\Scenes\SceneGame">
      <UniqueIdentifier>{e1e24f2e-9926-4856-b214-d4d9b73402f0}</UniqueIdentifier>
    </Filter>
    <Filter Include="Archivos de origen\Scenes\SceneMenu">
      <UniqueIdentifier>{9f1d2987-2ccd-4419-9940-5aa1409cca00}</UniqueIdentifier>
    </Filter>
    <Filter Include="Archivos de origen\GameObjects\Text">
      <UniqueIdentifier>{9bf647a8-7800-426b-a711-b3a31029037a}</UniqueIdentifier>
    </Filter>
    <Filter Include="Archivos de encabezado\JUST_EXAMPLE_%28Delate_in_your_proj%29">
      <UniqueIdentifier>{93410ad0-3c92-4dce-bda8-9e348b8958a7}</UniqueIdentifier>
    </Filter>
    <Filter Include="Archivos de origen\JUST_EXAMPLE_%28Delate_in_your_proj%29">
      <UniqueIdentifier>{be450722-2471-4828-81c9-c8d6947e7da8}</UniqueIdentifier>
    </Filter>
  </ItemGroup>
  <ItemGroup>
    <ClCompile Include="ModuleAudio.cpp">
      <Filter>Archivos de origen\Modules</Filter>
    </ClCompile>
    <ClCompile Include="ModuleCollisions.cpp">
      <Filter>Archivos de origen\Modules</Filter>
    </ClCompile>
    <ClCompile Include="ModuleInput.cpp">
      <Filter>Archivos de origen\Modules</Filter>
    </ClCompile>
    <ClCompile Include="ModuleRender.cpp">
      <Filter>Archivos de origen\Modules</Filter>
    </ClCompile>
    <ClCompile Include="ModuleTextures.cpp">
      <Filter>Archivos de origen\Modules</Filter>
    </ClCompile>
    <ClCompile Include="ModuleWindow.cpp">
      <Filter>Archivos de origen\Modules</Filter>
    </ClCompile>
    <ClCompile Include="ModuleScene.cpp">
      <Filter>Archivos de origen\Modules</Filter>
    </ClCompile>
    <ClCompile Include="Collider.cpp">
      <Filter>Archivos de origen\Tools</Filter>
    </ClCompile>
    <ClCompile Include="Application.cpp">
      <Filter>Archivos de origen\Application</Filter>
    </ClCompile>
    <ClCompile Include="Globals.cpp">
      <Filter>Archivos de origen\Application</Filter>
    </ClCompile>
    <ClCompile Include="Main.cpp">
      <Filter>Archivos de origen\Application</Filter>
    </ClCompile>
    <ClCompile Include="ModuleFonts.cpp">
      <Filter>Archivos de origen\Modules</Filter>
    </ClCompile>
    <ClCompile Include="Particle.cpp">
      <Filter>Archivos de origen\GameObjects\Particles</Filter>
    </ClCompile>
    <ClCompile Include="SceneGame.cpp">
      <Filter>Archivos de origen\Scenes\SceneGame</Filter>
    </ClCompile>
    <ClCompile Include="SceneMenu.cpp">
      <Filter>Archivos de origen\Scenes\SceneMenu</Filter>
    </ClCompile>
    <ClCompile Include="Text.cpp">
      <Filter>Archivos de origen\GameObjects\Text</Filter>
    </ClCompile>
    <ClCompile Include="GameObject.cpp">
      <Filter>Archivos de origen\GameObjects</Filter>
    </ClCompile>
    <ClCompile Include="Module.cpp">
      <Filter>Archivos de origen\Modules</Filter>
    </ClCompile>
    <ClCompile Include="Scene.cpp">
      <Filter>Archivos de origen\Scenes</Filter>
    </ClCompile>
    <ClCompile Include="JUST_EXAMPLE_%28Delate_in_your_proj%29\MenuText.cpp">
      <Filter>Archivos de origen\JUST_EXAMPLE_%28Delate_in_your_proj%29</Filter>
    </ClCompile>
    <ClCompile Include="JUST_EXAMPLE_%28Delate_in_your_proj%29\SceneGameTemplate.cpp">
      <Filter>Archivos de origen\JUST_EXAMPLE_%28Delate_in_your_proj%29</Filter>
    </ClCompile>
    <ClCompile Include="JUST_EXAMPLE_%28Delate_in_your_proj%29\SceneMenuTemplate.cpp">
      <Filter>Archivos de origen\JUST_EXAMPLE_%28Delate_in_your_proj%29</Filter>
    </ClCompile>
    <ClCompile Include="JUST_EXAMPLE_%28Delate_in_your_proj%29\PlayerTemplate.cpp">
      <Filter>Archivos de origen\JUST_EXAMPLE_%28Delate_in_your_proj%29</Filter>
    </ClCompile>
    <ClCompile Include="JUST_EXAMPLE_%28Delate_in_your_proj%29\TestPowerUp.cpp">
      <Filter>Archivos de origen\JUST_EXAMPLE_%28Delate_in_your_proj%29</Filter>
    </ClCompile>
    <ClCompile Include="JUST_EXAMPLE_%28Delate_in_your_proj%29\PlayerDieParticle.cpp">
      <Filter>Archivos de origen\JUST_EXAMPLE_%28Delate_in_your_proj%29</Filter>
    </ClCompile>
  </ItemGroup>
  <ItemGroup>
    <ClInclude Include="ModuleScene.h">
      <Filter>Archivos de encabezado\Modules</Filter>
    </ClInclude>
    <ClInclude Include="ModuleAudio.h">
      <Filter>Archivos de encabezado\Modules</Filter>
    </ClInclude>
    <ClInclude Include="ModuleCollisions.h">
      <Filter>Archivos de encabezado\Modules</Filter>
    </ClInclude>
    <ClInclude Include="ModuleInput.h">
      <Filter>Archivos de encabezado\Modules</Filter>
    </ClInclude>
    <ClInclude Include="ModuleRender.h">
      <Filter>Archivos de encabezado\Modules</Filter>
    </ClInclude>
    <ClInclude Include="ModuleTextures.h">
      <Filter>Archivos de encabezado\Modules</Filter>
    </ClInclude>
    <ClInclude Include="ModuleWindow.h">
      <Filter>Archivos de encabezado\Modules</Filter>
    </ClInclude>
    <ClInclude Include="Point.h">
      <Filter>Archivos de encabezado\Tools</Filter>
    </ClInclude>
    <ClInclude Include="Animation.h">
      <Filter>Archivos de encabezado\Tools</Filter>
    </ClInclude>
    <ClInclude Include="Collider.h">
      <Filter>Archivos de encabezado\Tools</Filter>
    </ClInclude>
    <ClInclude Include="Application.h">
      <Filter>Archivos de encabezado\Application</Filter>
    </ClInclude>
    <ClInclude Include="Globals.h">
      <Filter>Archivos de encabezado\Application</Filter>
    </ClInclude>
    <ClInclude Include="MemLeaks.h">
      <Filter>Archivos de encabezado\Application</Filter>
    </ClInclude>
    <ClInclude Include="RenderObject.hpp">
      <Filter>Archivos de encabezado\Tools</Filter>
    </ClInclude>
    <ClInclude Include="List.h">
      <Filter>Archivos de encabezado\Tools</Filter>
    </ClInclude>
    <ClInclude Include="ModuleFonts.h">
      <Filter>Archivos de encabezado\Modules</Filter>
    </ClInclude>
    <ClInclude Include="Particle.h">
      <Filter>Archivos de encabezado\GameObjects\Particles</Filter>
    </ClInclude>
    <ClInclude Include="Scene.h">
      <Filter>Archivos de encabezado\Scenes</Filter>
    </ClInclude>
    <ClInclude Include="GameObject.h">
      <Filter>Archivos de encabezado\GameObjects</Filter>
    </ClInclude>
    <ClInclude Include="Module.h">
      <Filter>Archivos de encabezado\Modules</Filter>
    </ClInclude>
    <ClInclude Include="Text.h">
      <Filter>Archivos de encabezado\GameObjects\Text</Filter>
    </ClInclude>
    <ClInclude Include="SceneMenu.h">
      <Filter>Archivos de encabezado\Scenes\SceneMenu</Filter>
    </ClInclude>
    <ClInclude Include="SceneGame.h">
      <Filter>Archivos de encabezado\Scenes\SceneGame</Filter>
    </ClInclude>
    <ClInclude Include="JUST_EXAMPLE_%28Delate_in_your_proj%29\SceneGameTemplate.h">
      <Filter>Archivos de encabezado\JUST_EXAMPLE_%28Delate_in_your_proj%29</Filter>
    </ClInclude>
    <ClInclude Include="JUST_EXAMPLE_%28Delate_in_your_proj%29\SceneMenuTemplate.h">
      <Filter>Archivos de encabezado\JUST_EXAMPLE_%28Delate_in_your_proj%29</Filter>
    </ClInclude>
    <ClInclude Include="JUST_EXAMPLE_%28Delate_in_your_proj%29\MenuText.h">
      <Filter>Archivos de encabezado\JUST_EXAMPLE_%28Delate_in_your_proj%29</Filter>
    </ClInclude>
    <ClInclude Include="JUST_EXAMPLE_%28Delate_in_your_proj%29\PlayerTemplate.h">
      <Filter>Archivos de encabezado\JUST_EXAMPLE_%28Delate_in_your_proj%29</Filter>
    </ClInclude>
    <ClInclude Include="JUST_EXAMPLE_%28Delate_in_your_proj%29\TestPowerUp.h">
      <Filter>Archivos de encabezado\JUST_EXAMPLE_%28Delate_in_your_proj%29</Filter>
    </ClInclude>
    <ClInclude Include="JUST_EXAMPLE_%28Delate_in_your_proj%29\PlayerDieParticle.h">
      <Filter>Archivos de encabezado\JUST_EXAMPLE_%28Delate_in_your_proj%29</Filter>
    </ClInclude>
  </ItemGroup>
</Project>